{
  "name": "promise-retry-test",
  "version": "1.0.0",
  "lockfileVersion": 3,
  "requires": true,
  "packages": {
    "": {
      "name": "promise-retry-test",
      "version": "1.0.0",
      "license": "ISC",
      "dependencies": {
        "p-retry": "^6.0.0"
      }
    },
    "node_modules/@types/retry": {
      "version": "0.12.2",
      "resolved": "https://registry.npmjs.org/@types/retry/-/retry-0.12.2.tgz",
      "integrity": "sha512-XISRgDJ2Tc5q4TRqvgJtzsRkFYNJzZrhTdtMoGVBttwzzQJkPnS3WWTFc7kuDRoPtPakl+T+OfdEUjYJj7Jbow=="
    },
    "node_modules/p-retry": {
      "version": "6.0.0",
      "resolved": "https://registry.npmjs.org/p-retry/-/p-retry-6.0.0.tgz",
      "integrity": "sha512-6NuuXu8Upembd4sNdo4PRbs+M6aHgBTrFE6lkH0YKjVzne3cDW4gkncB98ty/bkMxLxLVNeD5bX9FyWjM7WZ+A==",
      "dependencies": {
        "@types/retry": "0.12.2",
        "retry": "^0.13.1"
      },
      "engines": {
        "node": ">=16.17"
      },
      "funding": {
        "url": "https://github.com/sponsors/sindresorhus"
      }
    },
    "node_modules/retry": {
      "version": "0.13.1",
      "resolved": "https://registry.npmjs.org/retry/-/retry-0.13.1.tgz",
      "integrity": "sha512-XQBQ3I8W1Cge0Seh+6gjj03LbmRFWuoszgK9ooCpwYIrhhoO80pfq4cUkU5DkknwfOfFteRwlZ56PYOGYyFWdg==",
      "engines": {
        "node": ">= 4"
      }
    }
  }
}
